
Microsoft Visual Studio Solution File, Format Version 12.00
# Visual Studio Version 16
VisualStudioVersion = 16.0.32002.261
MinimumVisualStudioVersion = 10.0.40219.1
Project("{FAE04EC0-301F-11D3-BF4B-00C04F79EFBC}") = "WinFormsApp", "WinFormsApp\WinFormsApp.csproj", "{3E79C039-417B-4808-82BE-9AC57FD6DB4A}"
EndProject
Global
	GlobalSection(SolutionConfigurationPlatforms) = preSolution
		Debug|Any CPU = Debug|Any CPU
		Release|Any CPU = Release|Any CPU
	EndGlobalSection
	GlobalSection(ProjectConfigurationPlatforms) = postSolution
		{3E79C039-417B-4808-82BE-9AC57FD6DB4A}.Debug|Any CPU.ActiveCfg = Debug|Any CPU
		{3E79C039-417B-4808-82BE-9AC57FD6DB4A}.Debug|Any CPU.Build.0 = Debug|Any CPU
		{3E79C039-417B-4808-82BE-9AC57FD6DB4A}.Release|Any CPU.ActiveCfg = Release|Any CPU
		{3E79C039-417B-4808-82BE-9AC57FD6DB4A}.Release|Any CPU.Build.0 = Release|Any CPU
	EndGlobalSection
	GlobalSection(SolutionProperties) = preSolution
		HideSolutionNode = FALSE
	EndGlobalSection
	GlobalSection(ExtensibilityGlobals) = postSolution
		SolutionGuid = {6D5CCF7C-357D-403C-AD03-8B02C65665D4}
	EndGlobalSection
EndGlobal
